
Microsoft Visual Studio Solution File, Format Version 12.00
# Visual Studio Version 17
VisualStudioVersion = 17.3.32901.215
MinimumVisualStudioVersion = 10.0.40219.1
Project("{FAE04EC0-301F-11D3-BF4B-00C04F79EFBC}") = "Host", "Host.csproj", "{AA8387D0-A4F7-4CB2-84A8-AEE517BA4210}"
EndProject
Project("{FAE04EC0-301F-11D3-BF4B-00C04F79EFBC}") = "Lang", "..\Lang\Lang.csproj", "{78EE4D37-9253-4882-8ACD-9005DDFAB172}"
EndProject
Global
	GlobalSection(SolutionConfigurationPlatforms) = preSolution
		Debug|Any CPU = Debug|Any CPU
		Release|Any CPU = Release|Any CPU
	EndGlobalSection
	GlobalSection(ProjectConfigurationPlatforms) = postSolution
		{AA8387D0-A4F7-4CB2-84A8-AEE517BA4210}.Debug|Any CPU.ActiveCfg = Debug|Any CPU
		{AA8387D0-A4F7-4CB2-84A8-AEE517BA4210}.Debug|Any CPU.Build.0 = Debug|Any CPU
		{AA8387D0-A4F7-4CB2-84A8-AEE517BA4210}.Release|Any CPU.ActiveCfg = Release|Any CPU
		{AA8387D0-A4F7-4CB2-84A8-AEE517BA4210}.Release|Any CPU.Build.0 = Release|Any CPU
		{78EE4D37-9253-4882-8ACD-9005DDFAB172}.Debug|Any CPU.ActiveCfg = Debug|Any CPU
		{78EE4D37-9253-4882-8ACD-9005DDFAB172}.Debug|Any CPU.Build.0 = Debug|Any CPU
		{78EE4D37-9253-4882-8ACD-9005DDFAB172}.Release|Any CPU.ActiveCfg = Release|Any CPU
		{78EE4D37-9253-4882-8ACD-9005DDFAB172}.Release|Any CPU.Build.0 = Release|Any CPU
	EndGlobalSection
	GlobalSection(SolutionProperties) = preSolution
		HideSolutionNode = FALSE
	EndGlobalSection
	GlobalSection(ExtensibilityGlobals) = postSolution
		SolutionGuid = {8DD2C348-15AC-4B5D-9148-BC2C0033C4B6}
	EndGlobalSection
EndGlobal
